
Microsoft Visual Studio Solution File, Format Version 12.00
# Visual Studio Version 17
VisualStudioVersion = 17.0.31903.59
MinimumVisualStudioVersion = 10.0.40219.1
Project("{FAE04EC0-301F-11D3-BF4B-00C04F79EFBC}") = "Core.Infra.Base", "Core.Infra.Base\Core.Infra.Base.csproj", "{D8D67D46-00B9-47C4-85F2-6EDDF94F3132}"
EndProject
Project("{FAE04EC0-301F-11D3-BF4B-00C04F79EFBC}") = "Core.Infra.Data", "Core.Infra.Data\Core.Infra.Data.csproj", "{D6DC182D-644A-4D25-86D2-F8AE68F124F7}"
EndProject
Project("{FAE04EC0-301F-11D3-BF4B-00C04F79EFBC}") = "Core.Infra.Redis", "Core.Infra.Redis\Core.Infra.Redis.csproj", "{3DCB6F7C-66CB-4266-B75D-367944583496}"
EndProject
Project("{FAE04EC0-301F-11D3-BF4B-00C04F79EFBC}") = "Core.Infra.Cqrs", "Core.Infra.Cqrs\Core.Infra.Cqrs.csproj", "{9A12E1E1-356E-4760-A18B-F9888D398D2C}"
EndProject
Project("{FAE04EC0-301F-11D3-BF4B-00C04F79EFBC}") = "Core.Infra.Firebase", "Core.Infra.Firebase\Core.Infra.Firebase.csproj", "{F311AAA0-C945-4313-809A-2CE564E1A3DF}"
EndProject
Project("{2150E333-8FDC-42A3-9474-1A3956D46DE8}") = "test", "test", "{D223059C-1823-417D-A6E4-4A49DE3215C8}"
EndProject
Project("{FAE04EC0-301F-11D3-BF4B-00C04F79EFBC}") = "Core.Infra.Tests", "test\Core.Infra.Tests\Core.Infra.Tests.csproj", "{FEE4CA80-4B95-4AE3-9EBE-76205BBF53B2}"
EndProject
Project("{FAE04EC0-301F-11D3-BF4B-00C04F79EFBC}") = "Core.Infra.ConsoleTest", "test\Core.Infra.ConsoleTest\Core.Infra.ConsoleTest.csproj", "{41E937B7-A359-42BA-B470-6737DA7BDB3B}"
EndProject
Project("{FAE04EC0-301F-11D3-BF4B-00C04F79EFBC}") = "Core.Infra.DataTest", "test\Core.Infra.DataTest\Core.Infra.DataTest.csproj", "{2194BD75-8535-4A26-AE55-47C9567156C3}"
EndProject
Project("{FAE04EC0-301F-11D3-BF4B-00C04F79EFBC}") = "Core.Infra.Oidc", "Core.Infra.Oidc\Core.Infra.Oidc.csproj", "{E83FC83E-D478-435E-8043-A3F3EA39894F}"
EndProject
Project("{FAE04EC0-301F-11D3-BF4B-00C04F79EFBC}") = "Core.Web.Api", "Core.Web.Api\Core.Web.Api.csproj", "{8E8A2320-2D79-44F9-9087-5A0ADE1E4C08}"
EndProject
Project("{FAE04EC0-301F-11D3-BF4B-00C04F79EFBC}") = "Core.Infra.FilesFolders", "Core.Infra.FilesFolders\Core.Infra.FilesFolders.csproj", "{E82788BD-FBFC-4217-AED0-7B269BDA977B}"
EndProject
Project("{FAE04EC0-301F-11D3-BF4B-00C04F79EFBC}") = "Core.Infra.Auth", "Core.Infra.Auth\Core.Infra.Auth.csproj", "{4059F4D9-08CE-490A-A633-9F50E4A24D94}"
EndProject
Project("{FAE04EC0-301F-11D3-BF4B-00C04F79EFBC}") = "Core.Infra.Session", "Core.Infra.Session\Core.Infra.Session.csproj", "{B1E31767-0477-43C6-BE82-116979CFC1FE}"
EndProject
Project("{FAE04EC0-301F-11D3-BF4B-00C04F79EFBC}") = "Core.Infra.NhanDienKhuonMat", "nhan-dien-khuon-mat\Core.Infra.NhanDienKhuonMat.csproj", "{41D282CB-95C3-43CF-BBE2-666845A6B0A1}"
EndProject
Project("{FAE04EC0-301F-11D3-BF4B-00C04F79EFBC}") = "Core.Infra.BusinessTest", "business-test\Core.Infra.BusinessTest.csproj", "{F22B754E-9F71-4544-AB5C-BEAFE7FD5B10}"
EndProject
Project("{FAE04EC0-301F-11D3-BF4B-00C04F79EFBC}") = "Core.Infra.CqrsDashboard", "cqrs-dashboard\Core.Infra.CqrsDashboard.csproj", "{B5A50D50-C401-4E1E-B9C4-229C9C28599C}"
EndProject
Project("{FAE04EC0-301F-11D3-BF4B-00C04F79EFBC}") = "Core.Infra.Contracts", "Core.Infra.Contracts\Core.Infra.Contracts.csproj", "{5A2E9732-2136-4A75-AFED-03B06CDDB06E}"
EndProject
Global
	GlobalSection(SolutionConfigurationPlatforms) = preSolution
		Debug|Any CPU = Debug|Any CPU
		Release|Any CPU = Release|Any CPU
	EndGlobalSection
	GlobalSection(SolutionProperties) = preSolution
		HideSolutionNode = FALSE
	EndGlobalSection
	GlobalSection(ProjectConfigurationPlatforms) = postSolution
		{D8D67D46-00B9-47C4-85F2-6EDDF94F3132}.Debug|Any CPU.ActiveCfg = Debug|Any CPU
		{D8D67D46-00B9-47C4-85F2-6EDDF94F3132}.Debug|Any CPU.Build.0 = Debug|Any CPU
		{D8D67D46-00B9-47C4-85F2-6EDDF94F3132}.Release|Any CPU.ActiveCfg = Release|Any CPU
		{D8D67D46-00B9-47C4-85F2-6EDDF94F3132}.Release|Any CPU.Build.0 = Release|Any CPU
		{D6DC182D-644A-4D25-86D2-F8AE68F124F7}.Debug|Any CPU.ActiveCfg = Debug|Any CPU
		{D6DC182D-644A-4D25-86D2-F8AE68F124F7}.Debug|Any CPU.Build.0 = Debug|Any CPU
		{D6DC182D-644A-4D25-86D2-F8AE68F124F7}.Release|Any CPU.ActiveCfg = Release|Any CPU
		{D6DC182D-644A-4D25-86D2-F8AE68F124F7}.Release|Any CPU.Build.0 = Release|Any CPU
		{3DCB6F7C-66CB-4266-B75D-367944583496}.Debug|Any CPU.ActiveCfg = Debug|Any CPU
		{3DCB6F7C-66CB-4266-B75D-367944583496}.Debug|Any CPU.Build.0 = Debug|Any CPU
		{3DCB6F7C-66CB-4266-B75D-367944583496}.Release|Any CPU.ActiveCfg = Release|Any CPU
		{3DCB6F7C-66CB-4266-B75D-367944583496}.Release|Any CPU.Build.0 = Release|Any CPU
		{9A12E1E1-356E-4760-A18B-F9888D398D2C}.Debug|Any CPU.ActiveCfg = Debug|Any CPU
		{9A12E1E1-356E-4760-A18B-F9888D398D2C}.Debug|Any CPU.Build.0 = Debug|Any CPU
		{9A12E1E1-356E-4760-A18B-F9888D398D2C}.Release|Any CPU.ActiveCfg = Release|Any CPU
		{9A12E1E1-356E-4760-A18B-F9888D398D2C}.Release|Any CPU.Build.0 = Release|Any CPU
		{F311AAA0-C945-4313-809A-2CE564E1A3DF}.Debug|Any CPU.ActiveCfg = Debug|Any CPU
		{F311AAA0-C945-4313-809A-2CE564E1A3DF}.Debug|Any CPU.Build.0 = Debug|Any CPU
		{F311AAA0-C945-4313-809A-2CE564E1A3DF}.Release|Any CPU.ActiveCfg = Release|Any CPU
		{F311AAA0-C945-4313-809A-2CE564E1A3DF}.Release|Any CPU.Build.0 = Release|Any CPU
		{FEE4CA80-4B95-4AE3-9EBE-76205BBF53B2}.Debug|Any CPU.ActiveCfg = Debug|Any CPU
		{FEE4CA80-4B95-4AE3-9EBE-76205BBF53B2}.Debug|Any CPU.Build.0 = Debug|Any CPU
		{FEE4CA80-4B95-4AE3-9EBE-76205BBF53B2}.Release|Any CPU.ActiveCfg = Release|Any CPU
		{FEE4CA80-4B95-4AE3-9EBE-76205BBF53B2}.Release|Any CPU.Build.0 = Release|Any CPU
		{41E937B7-A359-42BA-B470-6737DA7BDB3B}.Debug|Any CPU.ActiveCfg = Debug|Any CPU
		{41E937B7-A359-42BA-B470-6737DA7BDB3B}.Debug|Any CPU.Build.0 = Debug|Any CPU
		{41E937B7-A359-42BA-B470-6737DA7BDB3B}.Release|Any CPU.ActiveCfg = Release|Any CPU
		{41E937B7-A359-42BA-B470-6737DA7BDB3B}.Release|Any CPU.Build.0 = Release|Any CPU
		{2194BD75-8535-4A26-AE55-47C9567156C3}.Debug|Any CPU.ActiveCfg = Debug|Any CPU
		{2194BD75-8535-4A26-AE55-47C9567156C3}.Debug|Any CPU.Build.0 = Debug|Any CPU
		{2194BD75-8535-4A26-AE55-47C9567156C3}.Release|Any CPU.ActiveCfg = Release|Any CPU
		{2194BD75-8535-4A26-AE55-47C9567156C3}.Release|Any CPU.Build.0 = Release|Any CPU
		{E83FC83E-D478-435E-8043-A3F3EA39894F}.Debug|Any CPU.ActiveCfg = Debug|Any CPU
		{E83FC83E-D478-435E-8043-A3F3EA39894F}.Debug|Any CPU.Build.0 = Debug|Any CPU
		{E83FC83E-D478-435E-8043-A3F3EA39894F}.Release|Any CPU.ActiveCfg = Release|Any CPU
		{E83FC83E-D478-435E-8043-A3F3EA39894F}.Release|Any CPU.Build.0 = Release|Any CPU
		{8E8A2320-2D79-44F9-9087-5A0ADE1E4C08}.Debug|Any CPU.ActiveCfg = Debug|Any CPU
		{8E8A2320-2D79-44F9-9087-5A0ADE1E4C08}.Debug|Any CPU.Build.0 = Debug|Any CPU
		{8E8A2320-2D79-44F9-9087-5A0ADE1E4C08}.Release|Any CPU.ActiveCfg = Release|Any CPU
		{8E8A2320-2D79-44F9-9087-5A0ADE1E4C08}.Release|Any CPU.Build.0 = Release|Any CPU
		{E82788BD-FBFC-4217-AED0-7B269BDA977B}.Debug|Any CPU.ActiveCfg = Debug|Any CPU
		{E82788BD-FBFC-4217-AED0-7B269BDA977B}.Debug|Any CPU.Build.0 = Debug|Any CPU
		{E82788BD-FBFC-4217-AED0-7B269BDA977B}.Release|Any CPU.ActiveCfg = Release|Any CPU
		{E82788BD-FBFC-4217-AED0-7B269BDA977B}.Release|Any CPU.Build.0 = Release|Any CPU
		{4059F4D9-08CE-490A-A633-9F50E4A24D94}.Debug|Any CPU.ActiveCfg = Debug|Any CPU
		{4059F4D9-08CE-490A-A633-9F50E4A24D94}.Debug|Any CPU.Build.0 = Debug|Any CPU
		{4059F4D9-08CE-490A-A633-9F50E4A24D94}.Release|Any CPU.ActiveCfg = Release|Any CPU
		{4059F4D9-08CE-490A-A633-9F50E4A24D94}.Release|Any CPU.Build.0 = Release|Any CPU
		{B1E31767-0477-43C6-BE82-116979CFC1FE}.Debug|Any CPU.ActiveCfg = Debug|Any CPU
		{B1E31767-0477-43C6-BE82-116979CFC1FE}.Debug|Any CPU.Build.0 = Debug|Any CPU
		{B1E31767-0477-43C6-BE82-116979CFC1FE}.Release|Any CPU.ActiveCfg = Release|Any CPU
		{B1E31767-0477-43C6-BE82-116979CFC1FE}.Release|Any CPU.Build.0 = Release|Any CPU
		{41D282CB-95C3-43CF-BBE2-666845A6B0A1}.Debug|Any CPU.ActiveCfg = Debug|Any CPU
		{41D282CB-95C3-43CF-BBE2-666845A6B0A1}.Debug|Any CPU.Build.0 = Debug|Any CPU
		{41D282CB-95C3-43CF-BBE2-666845A6B0A1}.Release|Any CPU.ActiveCfg = Release|Any CPU
		{41D282CB-95C3-43CF-BBE2-666845A6B0A1}.Release|Any CPU.Build.0 = Release|Any CPU
		{F22B754E-9F71-4544-AB5C-BEAFE7FD5B10}.Debug|Any CPU.ActiveCfg = Debug|Any CPU
		{F22B754E-9F71-4544-AB5C-BEAFE7FD5B10}.Debug|Any CPU.Build.0 = Debug|Any CPU
		{F22B754E-9F71-4544-AB5C-BEAFE7FD5B10}.Release|Any CPU.ActiveCfg = Release|Any CPU
		{F22B754E-9F71-4544-AB5C-BEAFE7FD5B10}.Release|Any CPU.Build.0 = Release|Any CPU
		{B5A50D50-C401-4E1E-B9C4-229C9C28599C}.Debug|Any CPU.ActiveCfg = Debug|Any CPU
		{B5A50D50-C401-4E1E-B9C4-229C9C28599C}.Debug|Any CPU.Build.0 = Debug|Any CPU
		{B5A50D50-C401-4E1E-B9C4-229C9C28599C}.Release|Any CPU.ActiveCfg = Release|Any CPU
		{B5A50D50-C401-4E1E-B9C4-229C9C28599C}.Release|Any CPU.Build.0 = Release|Any CPU
		{5A2E9732-2136-4A75-AFED-03B06CDDB06E}.Debug|Any CPU.ActiveCfg = Debug|Any CPU
		{5A2E9732-2136-4A75-AFED-03B06CDDB06E}.Debug|Any CPU.Build.0 = Debug|Any CPU
		{5A2E9732-2136-4A75-AFED-03B06CDDB06E}.Release|Any CPU.ActiveCfg = Release|Any CPU
		{5A2E9732-2136-4A75-AFED-03B06CDDB06E}.Release|Any CPU.Build.0 = Release|Any CPU
	EndGlobalSection
	GlobalSection(NestedProjects) = preSolution
		{FEE4CA80-4B95-4AE3-9EBE-76205BBF53B2} = {D223059C-1823-417D-A6E4-4A49DE3215C8}
		{41E937B7-A359-42BA-B470-6737DA7BDB3B} = {D223059C-1823-417D-A6E4-4A49DE3215C8}
		{2194BD75-8535-4A26-AE55-47C9567156C3} = {D223059C-1823-417D-A6E4-4A49DE3215C8}
	EndGlobalSection
EndGlobal
